
Microsoft Visual Studio Solution File, Format Version 12.00
# Visual Studio Version 16
VisualStudioVersion = 16.0.31424.327
MinimumVisualStudioVersion = 10.0.40219.1
Project("{FAE04EC0-301F-11D3-BF4B-00C04F79EFBC}") = "caQuestao1", "caQuestao1.csproj", "{F8E6F822-481A-4DE1-A0CA-332445367912}"
EndProject
Global
	GlobalSection(SolutionConfigurationPlatforms) = preSolution
		Debug|Any CPU = Debug|Any CPU
		Release|Any CPU = Release|Any CPU
	EndGlobalSection
	GlobalSection(ProjectConfigurationPlatforms) = postSolution
		{F8E6F822-481A-4DE1-A0CA-332445367912}.Debug|Any CPU.ActiveCfg = Debug|Any CPU
		{F8E6F822-481A-4DE1-A0CA-332445367912}.Debug|Any CPU.Build.0 = Debug|Any CPU
		{F8E6F822-481A-4DE1-A0CA-332445367912}.Release|Any CPU.ActiveCfg = Release|Any CPU
		{F8E6F822-481A-4DE1-A0CA-332445367912}.Release|Any CPU.Build.0 = Release|Any CPU
	EndGlobalSection
	GlobalSection(SolutionProperties) = preSolution
		HideSolutionNode = FALSE
	EndGlobalSection
	GlobalSection(ExtensibilityGlobals) = postSolution
		SolutionGuid = {C8D8AAAF-57AF-4428-9452-29A344E7AC9B}
	EndGlobalSection
EndGlobal
